
Microsoft Visual Studio Solution File, Format Version 12.00
# Visual Studio Version 17
VisualStudioVersion = 17.3.32819.101
MinimumVisualStudioVersion = 10.0.40219.1
Project("{9A19103F-16F7-4668-BE54-9A1E7A4F7556}") = "ProducerWebJob", "ProducerWebJob\ProducerWebJob.csproj", "{9FA31C77-7164-4547-BD82-C525EF05C2D8}"
EndProject
Project("{9A19103F-16F7-4668-BE54-9A1E7A4F7556}") = "ConsumerWebJob", "ConsumerWebJob\ConsumerWebJob.csproj", "{849B9EFB-26C5-4F30-8B29-45AD860AFFD7}"
EndProject
Project("{2150E333-8FDC-42A3-9474-1A3956D46DE8}") = "Solution Items", "Solution Items", "{E7C85FCD-1F2C-47D2-A841-9A95058F2785}"
	ProjectSection(SolutionItems) = preProject
		README.md = README.md
	EndProjectSection
EndProject
Global
	GlobalSection(SolutionConfigurationPlatforms) = preSolution
		Debug|Any CPU = Debug|Any CPU
		Release|Any CPU = Release|Any CPU
	EndGlobalSection
	GlobalSection(ProjectConfigurationPlatforms) = postSolution
		{9FA31C77-7164-4547-BD82-C525EF05C2D8}.Debug|Any CPU.ActiveCfg = Debug|Any CPU
		{9FA31C77-7164-4547-BD82-C525EF05C2D8}.Debug|Any CPU.Build.0 = Debug|Any CPU
		{9FA31C77-7164-4547-BD82-C525EF05C2D8}.Release|Any CPU.ActiveCfg = Release|Any CPU
		{9FA31C77-7164-4547-BD82-C525EF05C2D8}.Release|Any CPU.Build.0 = Release|Any CPU
		{849B9EFB-26C5-4F30-8B29-45AD860AFFD7}.Debug|Any CPU.ActiveCfg = Debug|Any CPU
		{849B9EFB-26C5-4F30-8B29-45AD860AFFD7}.Debug|Any CPU.Build.0 = Debug|Any CPU
		{849B9EFB-26C5-4F30-8B29-45AD860AFFD7}.Release|Any CPU.ActiveCfg = Release|Any CPU
		{849B9EFB-26C5-4F30-8B29-45AD860AFFD7}.Release|Any CPU.Build.0 = Release|Any CPU
	EndGlobalSection
	GlobalSection(SolutionProperties) = preSolution
		HideSolutionNode = FALSE
	EndGlobalSection
	GlobalSection(ExtensibilityGlobals) = postSolution
		SolutionGuid = {8DF70C1C-D274-4A34-BF4D-427586EF1A95}
	EndGlobalSection
EndGlobal
